
Microsoft Visual Studio Solution File, Format Version 12.00
# Visual Studio Version 17
VisualStudioVersion = 17.14.36327.8
MinimumVisualStudioVersion = 10.0.40219.1
Project("{FAE04EC0-301F-11D3-BF4B-00C04F79EFBC}") = "TinyLinks", "server\TinyLinks.csproj", "{70036200-89C9-702B-ABE3-DFDE394097B7}"
EndProject
Project("{2150E333-8FDC-42A3-9474-1A3956D46DE8}") = "static_root", "static_root", "{02EA681E-C7D8-13C7-8484-4AC65E1B71E8}"
	ProjectSection(SolutionItems) = preProject
		static_root\background.jpg = static_root\background.jpg
		static_root\favicon.ico = static_root\favicon.ico
		static_root\index.html = static_root\index.html
	EndProjectSection
EndProject
Global
	GlobalSection(SolutionConfigurationPlatforms) = preSolution
		Debug|Any CPU = Debug|Any CPU
		Release|Any CPU = Release|Any CPU
	EndGlobalSection
	GlobalSection(ProjectConfigurationPlatforms) = postSolution
		{70036200-89C9-702B-ABE3-DFDE394097B7}.Debug|Any CPU.ActiveCfg = Debug|Any CPU
		{70036200-89C9-702B-ABE3-DFDE394097B7}.Debug|Any CPU.Build.0 = Debug|Any CPU
		{70036200-89C9-702B-ABE3-DFDE394097B7}.Release|Any CPU.ActiveCfg = Release|Any CPU
		{70036200-89C9-702B-ABE3-DFDE394097B7}.Release|Any CPU.Build.0 = Release|Any CPU
	EndGlobalSection
	GlobalSection(SolutionProperties) = preSolution
		HideSolutionNode = FALSE
	EndGlobalSection
	GlobalSection(ExtensibilityGlobals) = postSolution
		SolutionGuid = {BFD3EB65-150E-4DCE-80BD-E3623917A401}
	EndGlobalSection
EndGlobal
